
Microsoft Visual Studio Solution File, Format Version 12.00
# Visual Studio 15
VisualStudioVersion = 15.0.27703.2035
MinimumVisualStudioVersion = 10.0.40219.1
Project("{FAE04EC0-301F-11D3-BF4B-00C04F79EFBC}") = "RFI.WorkActivitiesTracker.Api", "RFI.WorkActivitiesTracker.Api\RFI.WorkActivitiesTracker.Api.csproj", "{3A3F0DC5-F148-4D3C-BC2D-EA01DD3DA085}"
EndProject
Global
	GlobalSection(SolutionConfigurationPlatforms) = preSolution
		Debug|Any CPU = Debug|Any CPU
		Release|Any CPU = Release|Any CPU
	EndGlobalSection
	GlobalSection(ProjectConfigurationPlatforms) = postSolution
		{3A3F0DC5-F148-4D3C-BC2D-EA01DD3DA085}.Debug|Any CPU.ActiveCfg = Debug|Any CPU
		{3A3F0DC5-F148-4D3C-BC2D-EA01DD3DA085}.Debug|Any CPU.Build.0 = Debug|Any CPU
		{3A3F0DC5-F148-4D3C-BC2D-EA01DD3DA085}.Release|Any CPU.ActiveCfg = Release|Any CPU
		{3A3F0DC5-F148-4D3C-BC2D-EA01DD3DA085}.Release|Any CPU.Build.0 = Release|Any CPU
	EndGlobalSection
	GlobalSection(SolutionProperties) = preSolution
		HideSolutionNode = FALSE
	EndGlobalSection
	GlobalSection(ExtensibilityGlobals) = postSolution
		SolutionGuid = {F0474F1F-920A-4BBA-826E-88E634DB0CF3}
	EndGlobalSection
EndGlobal
